
Microsoft Visual Studio Solution File, Format Version 12.00
# Visual Studio Version 16
VisualStudioVersion = 16.0.29411.108
MinimumVisualStudioVersion = 10.0.40219.1
Project("{9A19103F-16F7-4668-BE54-9A1E7A4F7556}") = "LearningAngular.Dominio", "LearningAngular.Dominio\LearningAngular.Dominio.csproj", "{6489DBBA-6558-4C28-9412-FFA809103CA2}"
EndProject
Project("{9A19103F-16F7-4668-BE54-9A1E7A4F7556}") = "LearningAngular.Repositorio", "LearningAngular.Repositorio\LearningAngular.Repositorio.csproj", "{9055D0D1-8FD1-471C-8E54-9309FC9FC0D5}"
EndProject
Project("{FAE04EC0-301F-11D3-BF4B-00C04F79EFBC}") = "LearningAngular.web", "LearningAngular.web\LearningAngular.web.csproj", "{105EEC20-D097-45AE-82CA-F226F5F04D67}"
EndProject
Global
	GlobalSection(SolutionConfigurationPlatforms) = preSolution
		Debug|Any CPU = Debug|Any CPU
		Release|Any CPU = Release|Any CPU
	EndGlobalSection
	GlobalSection(ProjectConfigurationPlatforms) = postSolution
		{6489DBBA-6558-4C28-9412-FFA809103CA2}.Debug|Any CPU.ActiveCfg = Debug|Any CPU
		{6489DBBA-6558-4C28-9412-FFA809103CA2}.Debug|Any CPU.Build.0 = Debug|Any CPU
		{6489DBBA-6558-4C28-9412-FFA809103CA2}.Release|Any CPU.ActiveCfg = Release|Any CPU
		{6489DBBA-6558-4C28-9412-FFA809103CA2}.Release|Any CPU.Build.0 = Release|Any CPU
		{9055D0D1-8FD1-471C-8E54-9309FC9FC0D5}.Debug|Any CPU.ActiveCfg = Debug|Any CPU
		{9055D0D1-8FD1-471C-8E54-9309FC9FC0D5}.Debug|Any CPU.Build.0 = Debug|Any CPU
		{9055D0D1-8FD1-471C-8E54-9309FC9FC0D5}.Release|Any CPU.ActiveCfg = Release|Any CPU
		{9055D0D1-8FD1-471C-8E54-9309FC9FC0D5}.Release|Any CPU.Build.0 = Release|Any CPU
		{105EEC20-D097-45AE-82CA-F226F5F04D67}.Debug|Any CPU.ActiveCfg = Debug|Any CPU
		{105EEC20-D097-45AE-82CA-F226F5F04D67}.Debug|Any CPU.Build.0 = Debug|Any CPU
		{105EEC20-D097-45AE-82CA-F226F5F04D67}.Release|Any CPU.ActiveCfg = Release|Any CPU
		{105EEC20-D097-45AE-82CA-F226F5F04D67}.Release|Any CPU.Build.0 = Release|Any CPU
	EndGlobalSection
	GlobalSection(SolutionProperties) = preSolution
		HideSolutionNode = FALSE
	EndGlobalSection
	GlobalSection(ExtensibilityGlobals) = postSolution
		SolutionGuid = {D1B3750F-F040-4F16-9EBE-5B5EA248AFF3}
	EndGlobalSection
EndGlobal
